
Microsoft Visual Studio Solution File, Format Version 12.00
# Visual Studio 2013
VisualStudioVersion = 12.0.30723.0
MinimumVisualStudioVersion = 10.0.40219.1
Project("{FAE04EC0-301F-11D3-BF4B-00C04F79EFBC}") = "HousingHack", "HousingHack\HousingHack.csproj", "{B885BF57-6D93-4069-B790-E4067F20863C}"
EndProject
Project("{2150E333-8FDC-42A3-9474-1A3956D46DE8}") = ".nuget", ".nuget", "{A606B549-666C-494B-9B34-15031EF16B1D}"
	ProjectSection(SolutionItems) = preProject
		.nuget\NuGet.Config = .nuget\NuGet.Config
		.nuget\NuGet.exe = .nuget\NuGet.exe
		.nuget\NuGet.targets = .nuget\NuGet.targets
	EndProjectSection
EndProject
Project("{FAE04EC0-301F-11D3-BF4B-00C04F79EFBC}") = "HousingHack.Handler", "HousingHack.Handler\HousingHack.Handler.csproj", "{643FEAF5-1E49-4956-803D-E82987617451}"
EndProject
Global
	GlobalSection(TeamFoundationVersionControl) = preSolution
		SccNumberOfProjects = 1
		SccEnterpriseProvider = {4CA58AB2-18FA-4F8D-95D4-32DDF27D184C}
		SccTeamFoundationServer = https://pavangonagur.visualstudio.com/defaultcollection
		SccProjectUniqueName0 = HousingHack\\HousingHack.csproj
		SccProjectName0 = HousingHack
		SccAuxPath0 = https://pavangonagur.visualstudio.com/defaultcollection
		SccLocalPath0 = HousingHack
		SccProvider0 = {4CA58AB2-18FA-4F8D-95D4-32DDF27D184C}
	EndGlobalSection
	GlobalSection(SolutionConfigurationPlatforms) = preSolution
		Debug|Any CPU = Debug|Any CPU
		Release|Any CPU = Release|Any CPU
	EndGlobalSection
	GlobalSection(ProjectConfigurationPlatforms) = postSolution
		{B885BF57-6D93-4069-B790-E4067F20863C}.Debug|Any CPU.ActiveCfg = Debug|Any CPU
		{B885BF57-6D93-4069-B790-E4067F20863C}.Debug|Any CPU.Build.0 = Debug|Any CPU
		{B885BF57-6D93-4069-B790-E4067F20863C}.Release|Any CPU.ActiveCfg = Release|Any CPU
		{B885BF57-6D93-4069-B790-E4067F20863C}.Release|Any CPU.Build.0 = Release|Any CPU
		{643FEAF5-1E49-4956-803D-E82987617451}.Debug|Any CPU.ActiveCfg = Debug|Any CPU
		{643FEAF5-1E49-4956-803D-E82987617451}.Debug|Any CPU.Build.0 = Debug|Any CPU
		{643FEAF5-1E49-4956-803D-E82987617451}.Release|Any CPU.ActiveCfg = Release|Any CPU
		{643FEAF5-1E49-4956-803D-E82987617451}.Release|Any CPU.Build.0 = Release|Any CPU
	EndGlobalSection
	GlobalSection(SolutionProperties) = preSolution
		HideSolutionNode = FALSE
	EndGlobalSection
EndGlobal
